
Microsoft Visual Studio Solution File, Format Version 12.00
# Visual Studio 15
VisualStudioVersion = 15.0.25807.0
MinimumVisualStudioVersion = 10.0.40219.1
Project("{8BC9CEB8-8B4A-11D0-8D11-00A0C91BC942}") = "Engine", "Engine\Engine.vcxproj", "{3008EA85-8660-492E-8E69-84D4B64B1C68}"
EndProject
Project("{8BC9CEB8-8B4A-11D0-8D11-00A0C91BC942}") = "Chronopolis", "Chronopolis\Chronopolis.vcxproj", "{3FE70175-E9C1-47E6-BDDD-14F1A610EA05}"
	ProjectSection(ProjectDependencies) = postProject
		{3008EA85-8660-492E-8E69-84D4B64B1C68} = {3008EA85-8660-492E-8E69-84D4B64B1C68}
	EndProjectSection
EndProject
Global
	GlobalSection(SolutionConfigurationPlatforms) = preSolution
		Debug|x64 = Debug|x64
		Debug|x86 = Debug|x86
		Release|x64 = Release|x64
		Release|x86 = Release|x86
	EndGlobalSection
	GlobalSection(ProjectConfigurationPlatforms) = postSolution
		{3008EA85-8660-492E-8E69-84D4B64B1C68}.Debug|x64.ActiveCfg = Debug|x64
		{3008EA85-8660-492E-8E69-84D4B64B1C68}.Debug|x64.Build.0 = Debug|x64
		{3008EA85-8660-492E-8E69-84D4B64B1C68}.Debug|x86.ActiveCfg = Debug|Win32
		{3008EA85-8660-492E-8E69-84D4B64B1C68}.Debug|x86.Build.0 = Debug|Win32
		{3008EA85-8660-492E-8E69-84D4B64B1C68}.Release|x64.ActiveCfg = Release|x64
		{3008EA85-8660-492E-8E69-84D4B64B1C68}.Release|x64.Build.0 = Release|x64
		{3008EA85-8660-492E-8E69-84D4B64B1C68}.Release|x86.ActiveCfg = Release|Win32
		{3008EA85-8660-492E-8E69-84D4B64B1C68}.Release|x86.Build.0 = Release|Win32
		{3FE70175-E9C1-47E6-BDDD-14F1A610EA05}.Debug|x64.ActiveCfg = Debug|x64
		{3FE70175-E9C1-47E6-BDDD-14F1A610EA05}.Debug|x64.Build.0 = Debug|x64
		{3FE70175-E9C1-47E6-BDDD-14F1A610EA05}.Debug|x86.ActiveCfg = Debug|Win32
		{3FE70175-E9C1-47E6-BDDD-14F1A610EA05}.Debug|x86.Build.0 = Debug|Win32
		{3FE70175-E9C1-47E6-BDDD-14F1A610EA05}.Release|x64.ActiveCfg = Release|x64
		{3FE70175-E9C1-47E6-BDDD-14F1A610EA05}.Release|x64.Build.0 = Release|x64
		{3FE70175-E9C1-47E6-BDDD-14F1A610EA05}.Release|x86.ActiveCfg = Release|Win32
		{3FE70175-E9C1-47E6-BDDD-14F1A610EA05}.Release|x86.Build.0 = Release|Win32
	EndGlobalSection
	GlobalSection(SolutionProperties) = preSolution
		HideSolutionNode = FALSE
	EndGlobalSection
EndGlobal
