<?xml version="1.0" encoding="utf-8"?>
<Project ToolsVersion="4.0" xmlns="http://schemas.microsoft.com/developer/msbuild/2003">
  <ItemGroup>
    <Filter Include="Файлы ресурсов">
      <UniqueIdentifier>{67DA6AB6-F800-4c08-8B7A-83BB121AAD01}</UniqueIdentifier>
      <Extensions>rc;ico;cur;bmp;dlg;rc2;rct;bin;rgs;gif;jpg;jpeg;jpe;resx;tiff;tif;png;wav;mfcribbon-ms</Extensions>
    </Filter>
    <Filter Include="Source">
      <UniqueIdentifier>{461dc07c-4d61-4209-b2b6-7af7e5a1bd6d}</UniqueIdentifier>
    </Filter>
    <Filter Include="Source\Math">
      <UniqueIdentifier>{22c150c5-a295-4e1d-b925-1029a9f310b2}</UniqueIdentifier>
    </Filter>
    <Filter Include="Source\Core">
      <UniqueIdentifier>{8abf9ad4-d6f7-4962-b3ba-d82fc31945a3}</UniqueIdentifier>
    </Filter>
    <Filter Include="Source\Render">
      <UniqueIdentifier>{95c71b15-6a53-4e44-9fdb-39d2007f4af9}</UniqueIdentifier>
    </Filter>
    <Filter Include="Source\Material">
      <UniqueIdentifier>{8530df7a-00bb-420d-b3e1-d0c7b6cf470f}</UniqueIdentifier>
    </Filter>
    <Filter Include="Source\Mesh">
      <UniqueIdentifier>{4d79145d-3dfb-4ab8-923a-41f4c5ead626}</UniqueIdentifier>
    </Filter>
    <Filter Include="Source\Scene">
      <UniqueIdentifier>{bd817b5c-65c0-4a77-8ee9-309e91978eaf}</UniqueIdentifier>
    </Filter>
    <Filter Include="Source\Input">
      <UniqueIdentifier>{f64c513b-a3c2-4680-8f6f-f839ade55e54}</UniqueIdentifier>
    </Filter>
    <Filter Include="Source\Compiler">
      <UniqueIdentifier>{99f121d7-6fff-4bd7-b799-76b5a38ef70a}</UniqueIdentifier>
    </Filter>
    <Filter Include="Source\Manager">
      <UniqueIdentifier>{caca4186-7808-41e7-bf5c-249590e20ce4}</UniqueIdentifier>
    </Filter>
  </ItemGroup>
  <ItemGroup>
    <Text Include="ReadMe.txt" />
  </ItemGroup>
  <ItemGroup>
    <ClCompile Include="Source\Core\Engine.cpp">
      <Filter>Source\Core</Filter>
    </ClCompile>
    <ClCompile Include="Source\Core\File.cpp">
      <Filter>Source\Core</Filter>
    </ClCompile>
    <ClCompile Include="Source\Core\Log.cpp">
      <Filter>Source\Core</Filter>
    </ClCompile>
    <ClCompile Include="Source\Render\Direct3d11.cpp">
      <Filter>Source\Render</Filter>
    </ClCompile>
    <ClCompile Include="Source\Math\Color.cpp">
      <Filter>Source\Math</Filter>
    </ClCompile>
    <ClCompile Include="Source\Math\ColorRGB.cpp">
      <Filter>Source\Math</Filter>
    </ClCompile>
    <ClCompile Include="Source\Math\ColorHSV.cpp">
      <Filter>Source\Math</Filter>
    </ClCompile>
    <ClCompile Include="Source\Material\Material.cpp">
      <Filter>Source\Material</Filter>
    </ClCompile>
    <ClCompile Include="Source\Material\Shader.cpp">
      <Filter>Source\Material</Filter>
    </ClCompile>
    <ClCompile Include="Source\Mesh\Mesh.cpp">
      <Filter>Source\Mesh</Filter>
    </ClCompile>
    <ClCompile Include="Source\Scene\Scene.cpp">
      <Filter>Source\Scene</Filter>
    </ClCompile>
    <ClCompile Include="Source\Math\Matrix.cpp">
      <Filter>Source\Math</Filter>
    </ClCompile>
    <ClCompile Include="Source\Math\Vector.cpp">
      <Filter>Source\Math</Filter>
    </ClCompile>
    <ClCompile Include="Source\Math\Quaternion.cpp">
      <Filter>Source\Math</Filter>
    </ClCompile>
    <ClCompile Include="Source\Math\Matrix2D.cpp">
      <Filter>Source\Math</Filter>
    </ClCompile>
    <ClCompile Include="Source\Math\Vector2.cpp">
      <Filter>Source\Math</Filter>
    </ClCompile>
    <ClCompile Include="Source\Math\Node.cpp">
      <Filter>Source\Math</Filter>
    </ClCompile>
    <ClCompile Include="Source\Math\Node2D.cpp">
      <Filter>Source\Math</Filter>
    </ClCompile>
    <ClCompile Include="Source\Scene\Camera.cpp">
      <Filter>Source\Scene</Filter>
    </ClCompile>
    <ClCompile Include="Source\Math\BBox.cpp">
      <Filter>Source\Math</Filter>
    </ClCompile>
    <ClCompile Include="Source\Render\InputLayout.cpp">
      <Filter>Source\Render</Filter>
    </ClCompile>
    <ClCompile Include="Source\Render\RenderMesh.cpp">
      <Filter>Source\Render</Filter>
    </ClCompile>
    <ClCompile Include="Source\Render\ConstantBuffer.cpp">
      <Filter>Source\Render</Filter>
    </ClCompile>
    <ClCompile Include="Source\Input\Input.cpp">
      <Filter>Source\Input</Filter>
    </ClCompile>
    <ClCompile Include="Source\Scene\Light.cpp">
      <Filter>Source\Scene</Filter>
    </ClCompile>
    <ClCompile Include="Source\Material\Pass.cpp">
      <Filter>Source\Material</Filter>
    </ClCompile>
    <ClCompile Include="Source\Mesh\Paramesh.cpp">
      <Filter>Source\Mesh</Filter>
    </ClCompile>
    <ClCompile Include="Source\Core\Variable.cpp">
      <Filter>Source\Core</Filter>
    </ClCompile>
    <ClCompile Include="Source\Compiler\Compiler.cpp">
      <Filter>Source\Compiler</Filter>
    </ClCompile>
    <ClCompile Include="Source\Compiler\Error.cpp">
      <Filter>Source\Compiler</Filter>
    </ClCompile>
    <ClCompile Include="Source\Compiler\Lexer.cpp">
      <Filter>Source\Compiler</Filter>
    </ClCompile>
    <ClCompile Include="Source\Compiler\Script.cpp">
      <Filter>Source\Compiler</Filter>
    </ClCompile>
    <ClCompile Include="Source\Compiler\Semantic.cpp">
      <Filter>Source\Compiler</Filter>
    </ClCompile>
    <ClCompile Include="Source\Compiler\Syntaxer.cpp">
      <Filter>Source\Compiler</Filter>
    </ClCompile>
    <ClCompile Include="Source\Compiler\Coder.cpp">
      <Filter>Source\Compiler</Filter>
    </ClCompile>
    <ClCompile Include="Source\Manager\Manager.cpp">
      <Filter>Source\Manager</Filter>
    </ClCompile>
  </ItemGroup>
  <ItemGroup>
    <ClInclude Include="Source\Core\Engine.h">
      <Filter>Source\Core</Filter>
    </ClInclude>
    <ClInclude Include="Source\Core\File.h">
      <Filter>Source\Core</Filter>
    </ClInclude>
    <ClInclude Include="Source\Core\Log.h">
      <Filter>Source\Core</Filter>
    </ClInclude>
    <ClInclude Include="Source\stdafx.h">
      <Filter>Source</Filter>
    </ClInclude>
    <ClInclude Include="Source\DC.h">
      <Filter>Source</Filter>
    </ClInclude>
    <ClInclude Include="Source\Math\Math.h">
      <Filter>Source\Math</Filter>
    </ClInclude>
    <ClInclude Include="Source\Math\Point2.h">
      <Filter>Source\Math</Filter>
    </ClInclude>
    <ClInclude Include="Source\Math\Point.h">
      <Filter>Source\Math</Filter>
    </ClInclude>
    <ClInclude Include="Source\Render\Direct3d11.h">
      <Filter>Source\Render</Filter>
    </ClInclude>
    <ClInclude Include="Source\Render\Render.h">
      <Filter>Source\Render</Filter>
    </ClInclude>
    <ClInclude Include="Source\Math\Color.h">
      <Filter>Source\Math</Filter>
    </ClInclude>
    <ClInclude Include="Source\Math\Func.h">
      <Filter>Source\Math</Filter>
    </ClInclude>
    <ClInclude Include="Source\Math\ColorRGB.h">
      <Filter>Source\Math</Filter>
    </ClInclude>
    <ClInclude Include="Source\Math\ColorHSV.h">
      <Filter>Source\Math</Filter>
    </ClInclude>
    <ClInclude Include="Source\Material\Material.h">
      <Filter>Source\Material</Filter>
    </ClInclude>
    <ClInclude Include="Source\Material\Shader.h">
      <Filter>Source\Material</Filter>
    </ClInclude>
    <ClInclude Include="Source\Mesh\Mesh.h">
      <Filter>Source\Mesh</Filter>
    </ClInclude>
    <ClInclude Include="Source\Scene\Scene.h">
      <Filter>Source\Scene</Filter>
    </ClInclude>
    <ClInclude Include="Source\Math\Matrix.h">
      <Filter>Source\Math</Filter>
    </ClInclude>
    <ClInclude Include="Source\Math\Vector.h">
      <Filter>Source\Math</Filter>
    </ClInclude>
    <ClInclude Include="Source\Math\Quaternion.h">
      <Filter>Source\Math</Filter>
    </ClInclude>
    <ClInclude Include="Source\Math\Matrix2D.h">
      <Filter>Source\Math</Filter>
    </ClInclude>
    <ClInclude Include="Source\Math\Vector2.h">
      <Filter>Source\Math</Filter>
    </ClInclude>
    <ClInclude Include="Source\Math\Node.h">
      <Filter>Source\Math</Filter>
    </ClInclude>
    <ClInclude Include="Source\Math\Node2D.h">
      <Filter>Source\Math</Filter>
    </ClInclude>
    <ClInclude Include="Source\Scene\Camera.h">
      <Filter>Source\Scene</Filter>
    </ClInclude>
    <ClInclude Include="Source\Math\BBox.h">
      <Filter>Source\Math</Filter>
    </ClInclude>
    <ClInclude Include="Source\Math\Rect.h">
      <Filter>Source\Math</Filter>
    </ClInclude>
    <ClInclude Include="Source\Render\InputLayout.h">
      <Filter>Source\Render</Filter>
    </ClInclude>
    <ClInclude Include="Source\Render\RenderMesh.h">
      <Filter>Source\Render</Filter>
    </ClInclude>
    <ClInclude Include="Source\Render\Draw.h">
      <Filter>Source\Render</Filter>
    </ClInclude>
    <ClInclude Include="Source\Render\ConstantBuffer.h">
      <Filter>Source\Render</Filter>
    </ClInclude>
    <ClInclude Include="Source\Input\Input.h">
      <Filter>Source\Input</Filter>
    </ClInclude>
    <ClInclude Include="Source\Scene\Light.h">
      <Filter>Source\Scene</Filter>
    </ClInclude>
    <ClInclude Include="Source\Scene\Class.h">
      <Filter>Source\Scene</Filter>
    </ClInclude>
    <ClInclude Include="Source\Material\Pass.h">
      <Filter>Source\Material</Filter>
    </ClInclude>
    <ClInclude Include="Source\Material\Class.h">
      <Filter>Source\Material</Filter>
    </ClInclude>
    <ClInclude Include="Source\Mesh\Paramesh.h">
      <Filter>Source\Mesh</Filter>
    </ClInclude>
    <ClInclude Include="Source\Core\Variable.h">
      <Filter>Source\Core</Filter>
    </ClInclude>
    <ClInclude Include="Source\Compiler\Compiler.h">
      <Filter>Source\Compiler</Filter>
    </ClInclude>
    <ClInclude Include="Source\Compiler\Delegate.h">
      <Filter>Source\Compiler</Filter>
    </ClInclude>
    <ClInclude Include="Source\Compiler\Error.h">
      <Filter>Source\Compiler</Filter>
    </ClInclude>
    <ClInclude Include="Source\Compiler\Lexer.h">
      <Filter>Source\Compiler</Filter>
    </ClInclude>
    <ClInclude Include="Source\Compiler\Script.h">
      <Filter>Source\Compiler</Filter>
    </ClInclude>
    <ClInclude Include="Source\Compiler\Semantic.h">
      <Filter>Source\Compiler</Filter>
    </ClInclude>
    <ClInclude Include="Source\Compiler\Struct.h">
      <Filter>Source\Compiler</Filter>
    </ClInclude>
    <ClInclude Include="Source\Compiler\Syntaxer.h">
      <Filter>Source\Compiler</Filter>
    </ClInclude>
    <ClInclude Include="Source\Compiler\Class.h">
      <Filter>Source\Compiler</Filter>
    </ClInclude>
    <ClInclude Include="Source\Compiler\Coder.h">
      <Filter>Source\Compiler</Filter>
    </ClInclude>
    <ClInclude Include="Source\Manager\Manager.h">
      <Filter>Source\Manager</Filter>
    </ClInclude>
    <ClInclude Include="Source\Manager\Class.h">
      <Filter>Source\Manager</Filter>
    </ClInclude>
  </ItemGroup>
</Project>